
Microsoft Visual Studio Solution File, Format Version 12.00
# Visual Studio Version 17
VisualStudioVersion = 17.8.34316.72
MinimumVisualStudioVersion = 10.0.40219.1
Project("{9A19103F-16F7-4668-BE54-9A1E7A4F7556}") = "MinimalDomainEvents.Core", "src\MinimalDomainEvents.Core\MinimalDomainEvents.Core.csproj", "{A34E31FD-0B03-412D-8427-2307D1F1D685}"
EndProject
Project("{9A19103F-16F7-4668-BE54-9A1E7A4F7556}") = "MinimalDomainEvents.Contract", "src\MinimalDomainEvents.Contract\MinimalDomainEvents.Contract.csproj", "{DE007C35-3549-4E82-BC5C-5093BE7E208D}"
EndProject
Project("{9A19103F-16F7-4668-BE54-9A1E7A4F7556}") = "MinimalDomainEvents.Dispatcher", "src\MinimalDomainEvents.Dispatcher\MinimalDomainEvents.Dispatcher.csproj", "{5C00642B-D38B-473E-9773-17E6650C8215}"
EndProject
Project("{9A19103F-16F7-4668-BE54-9A1E7A4F7556}") = "MinimalDomainEvents.Dispatcher.MediatR", "src\MinimalDomainEvents.Dispatcher.MediatR\MinimalDomainEvents.Dispatcher.MediatR.csproj", "{C7FC5A79-7F77-4439-8E8C-F6E6DD89473F}"
EndProject
Project("{2150E333-8FDC-42A3-9474-1A3956D46DE8}") = "Dispatcher", "Dispatcher", "{33E5376B-09DA-4B6A-896E-DE8F5F76F9CD}"
EndProject
Project("{2150E333-8FDC-42A3-9474-1A3956D46DE8}") = "test", "test", "{A37BECD1-4461-4E64-BF71-B48ACEBB8447}"
EndProject
Project("{9A19103F-16F7-4668-BE54-9A1E7A4F7556}") = "MinimalDomainEvents.Core.UnitTests", "test\MinimalDomainEvents.Core.UnitTests\MinimalDomainEvents.Core.UnitTests.csproj", "{59652783-822F-4C8F-8F58-8EFC8BFD6EEF}"
EndProject
Project("{9A19103F-16F7-4668-BE54-9A1E7A4F7556}") = "MinimalDomainEvents.Dispatcher.UnitTests", "test\MinimalDomainEvents.Dispatcher.UnitTests\MinimalDomainEvents.Dispatcher.UnitTests.csproj", "{F69F0B96-B7DD-454F-9CAB-D508DFCCE203}"
EndProject
Project("{2150E333-8FDC-42A3-9474-1A3956D46DE8}") = "src", "src", "{A3B7B6C3-57FD-4382-8526-9B1C48935A07}"
EndProject
Project("{2150E333-8FDC-42A3-9474-1A3956D46DE8}") = "Solution Items", "Solution Items", "{9C4B7B09-AA82-4B59-8C33-77D42C1ADBCC}"
	ProjectSection(SolutionItems) = preProject
		LICENSE = LICENSE
		README.md = README.md
	EndProjectSection
EndProject
Project("{9A19103F-16F7-4668-BE54-9A1E7A4F7556}") = "MinimalDomainEvents.Dispatcher.Abstractions", "src\MinimalDomainEvents.Dispatcher.Abstractions\MinimalDomainEvents.Dispatcher.Abstractions.csproj", "{18996382-7406-4F64-B7A9-B183FE479027}"
EndProject
Global
	GlobalSection(SolutionConfigurationPlatforms) = preSolution
		Debug|Any CPU = Debug|Any CPU
		Release|Any CPU = Release|Any CPU
	EndGlobalSection
	GlobalSection(ProjectConfigurationPlatforms) = postSolution
		{A34E31FD-0B03-412D-8427-2307D1F1D685}.Debug|Any CPU.ActiveCfg = Debug|Any CPU
		{A34E31FD-0B03-412D-8427-2307D1F1D685}.Debug|Any CPU.Build.0 = Debug|Any CPU
		{A34E31FD-0B03-412D-8427-2307D1F1D685}.Release|Any CPU.ActiveCfg = Release|Any CPU
		{A34E31FD-0B03-412D-8427-2307D1F1D685}.Release|Any CPU.Build.0 = Release|Any CPU
		{DE007C35-3549-4E82-BC5C-5093BE7E208D}.Debug|Any CPU.ActiveCfg = Debug|Any CPU
		{DE007C35-3549-4E82-BC5C-5093BE7E208D}.Debug|Any CPU.Build.0 = Debug|Any CPU
		{DE007C35-3549-4E82-BC5C-5093BE7E208D}.Release|Any CPU.ActiveCfg = Release|Any CPU
		{DE007C35-3549-4E82-BC5C-5093BE7E208D}.Release|Any CPU.Build.0 = Release|Any CPU
		{5C00642B-D38B-473E-9773-17E6650C8215}.Debug|Any CPU.ActiveCfg = Debug|Any CPU
		{5C00642B-D38B-473E-9773-17E6650C8215}.Debug|Any CPU.Build.0 = Debug|Any CPU
		{5C00642B-D38B-473E-9773-17E6650C8215}.Release|Any CPU.ActiveCfg = Release|Any CPU
		{5C00642B-D38B-473E-9773-17E6650C8215}.Release|Any CPU.Build.0 = Release|Any CPU
		{C7FC5A79-7F77-4439-8E8C-F6E6DD89473F}.Debug|Any CPU.ActiveCfg = Debug|Any CPU
		{C7FC5A79-7F77-4439-8E8C-F6E6DD89473F}.Debug|Any CPU.Build.0 = Debug|Any CPU
		{C7FC5A79-7F77-4439-8E8C-F6E6DD89473F}.Release|Any CPU.ActiveCfg = Release|Any CPU
		{C7FC5A79-7F77-4439-8E8C-F6E6DD89473F}.Release|Any CPU.Build.0 = Release|Any CPU
		{59652783-822F-4C8F-8F58-8EFC8BFD6EEF}.Debug|Any CPU.ActiveCfg = Debug|Any CPU
		{59652783-822F-4C8F-8F58-8EFC8BFD6EEF}.Debug|Any CPU.Build.0 = Debug|Any CPU
		{59652783-822F-4C8F-8F58-8EFC8BFD6EEF}.Release|Any CPU.ActiveCfg = Release|Any CPU
		{59652783-822F-4C8F-8F58-8EFC8BFD6EEF}.Release|Any CPU.Build.0 = Release|Any CPU
		{F69F0B96-B7DD-454F-9CAB-D508DFCCE203}.Debug|Any CPU.ActiveCfg = Debug|Any CPU
		{F69F0B96-B7DD-454F-9CAB-D508DFCCE203}.Debug|Any CPU.Build.0 = Debug|Any CPU
		{F69F0B96-B7DD-454F-9CAB-D508DFCCE203}.Release|Any CPU.ActiveCfg = Release|Any CPU
		{F69F0B96-B7DD-454F-9CAB-D508DFCCE203}.Release|Any CPU.Build.0 = Release|Any CPU
		{18996382-7406-4F64-B7A9-B183FE479027}.Debug|Any CPU.ActiveCfg = Debug|Any CPU
		{18996382-7406-4F64-B7A9-B183FE479027}.Debug|Any CPU.Build.0 = Debug|Any CPU
		{18996382-7406-4F64-B7A9-B183FE479027}.Release|Any CPU.ActiveCfg = Release|Any CPU
		{18996382-7406-4F64-B7A9-B183FE479027}.Release|Any CPU.Build.0 = Release|Any CPU
	EndGlobalSection
	GlobalSection(SolutionProperties) = preSolution
		HideSolutionNode = FALSE
	EndGlobalSection
	GlobalSection(NestedProjects) = preSolution
		{A34E31FD-0B03-412D-8427-2307D1F1D685} = {A3B7B6C3-57FD-4382-8526-9B1C48935A07}
		{DE007C35-3549-4E82-BC5C-5093BE7E208D} = {A3B7B6C3-57FD-4382-8526-9B1C48935A07}
		{5C00642B-D38B-473E-9773-17E6650C8215} = {33E5376B-09DA-4B6A-896E-DE8F5F76F9CD}
		{C7FC5A79-7F77-4439-8E8C-F6E6DD89473F} = {33E5376B-09DA-4B6A-896E-DE8F5F76F9CD}
		{33E5376B-09DA-4B6A-896E-DE8F5F76F9CD} = {A3B7B6C3-57FD-4382-8526-9B1C48935A07}
		{59652783-822F-4C8F-8F58-8EFC8BFD6EEF} = {A37BECD1-4461-4E64-BF71-B48ACEBB8447}
		{F69F0B96-B7DD-454F-9CAB-D508DFCCE203} = {A37BECD1-4461-4E64-BF71-B48ACEBB8447}
		{18996382-7406-4F64-B7A9-B183FE479027} = {33E5376B-09DA-4B6A-896E-DE8F5F76F9CD}
	EndGlobalSection
	GlobalSection(ExtensibilityGlobals) = postSolution
		SolutionGuid = {5C04EBF0-7B5F-4CCE-8D3C-55C5B17C2BEB}
	EndGlobalSection
EndGlobal
