
Microsoft Visual Studio Solution File, Format Version 12.00
# Visual Studio Version 17
VisualStudioVersion = 17.8.34316.72
MinimumVisualStudioVersion = 10.0.40219.1
Project("{9A19103F-16F7-4668-BE54-9A1E7A4F7556}") = "MinimalDomainEvents.Core", "src\MinimalDomainEvents.Core\MinimalDomainEvents.Core.csproj", "{A34E31FD-0B03-412D-8427-2307D1F1D685}"
EndProject
Project("{9A19103F-16F7-4668-BE54-9A1E7A4F7556}") = "MinimalDomainEvents.Contract", "src\MinimalDomainEvents.Contract\MinimalDomainEvents.Contract.csproj", "{DE007C35-3549-4E82-BC5C-5093BE7E208D}"
EndProject
Project("{9A19103F-16F7-4668-BE54-9A1E7A4F7556}") = "MinimalDomainEvents.Dispatcher", "src\MinimalDomainEvents.Dispatcher\MinimalDomainEvents.Dispatcher.csproj", "{5C00642B-D38B-473E-9773-17E6650C8215}"
EndProject
Project("{9A19103F-16F7-4668-BE54-9A1E7A4F7556}") = "MinimalDomainEvents.Dispatcher.MediatR", "src\MinimalDomainEvents.Dispatcher.MediatR\MinimalDomainEvents.Dispatcher.MediatR.csproj", "{C7FC5A79-7F77-4439-8E8C-F6E6DD89473F}"
EndProject
Project("{2150E333-8FDC-42A3-9474-1A3956D46DE8}") = "Dispatcher", "Dispatcher", "{33E5376B-09DA-4B6A-896E-DE8F5F76F9CD}"
EndProject
Project("{2150E333-8FDC-42A3-9474-1A3956D46DE8}") = "test", "test", "{A37BECD1-4461-4E64-BF71-B48ACEBB8447}"
EndProject
Project("{9A19103F-16F7-4668-BE54-9A1E7A4F7556}") = "MinimalDomainEvents.Core.UnitTests", "test\MinimalDomainEvents.Core.UnitTests\MinimalDomainEvents.Core.UnitTests.csproj", "{59652783-822F-4C8F-8F58-8EFC8BFD6EEF}"
EndProject
Project("{9A19103F-16F7-4668-BE54-9A1E7A4F7556}") = "MinimalDomainEvents.Dispatcher.UnitTests", "test\MinimalDomainEvents.Dispatcher.UnitTests\MinimalDomainEvents.Dispatcher.UnitTests.csproj", "{F69F0B96-B7DD-454F-9CAB-D508DFCCE203}"
EndProject
Project("{2150E333-8FDC-42A3-9474-1A3956D46DE8}") = "src", "src", "{A3B7B6C3-57FD-4382-8526-9B1C48935A07}"
EndProject
Project("{2150E333-8FDC-42A3-9474-1A3956D46DE8}") = "Solution Items", "Solution Items", "{9C4B7B09-AA82-4B59-8C33-77D42C1ADBCC}"
	ProjectSection(SolutionItems) = preProject
		LICENSE = LICENSE
		README.md = README.md
	EndProjectSection
EndProject
Project("{9A19103F-16F7-4668-BE54-9A1E7A4F7556}") = "MinimalDomainEvents.Dispatcher.Abstractions", "src\MinimalDomainEvents.Dispatcher.Abstractions\MinimalDomainEvents.Dispatcher.Abstractions.csproj", "{18996382-7406-4F64-B7A9-B183FE479027}"
EndProject
Project("{2150E333-8FDC-42A3-9474-1A3956D46DE8}") = "Workflows", "Workflows", "{AD4CE743-37C6-4CF5-82EF-D88DD7C7BDC7}"
	ProjectSection(SolutionItems) = preProject
		.github\workflows\publish.yml = .github\workflows\publish.yml
		.github\workflows\test.yml = .github\workflows\test.yml
	EndProjectSection
EndProject
Project("{2150E333-8FDC-42A3-9474-1A3956D46DE8}") = "Outbox", "Outbox", "{AB124D7A-09CE-4168-B706-F319426E6383}"
EndProject
Project("{9A19103F-16F7-4668-BE54-9A1E7A4F7556}") = "MinimalDomainEvents.Outbox.MongoDb", "src\MinimalDomainEvents.Outbox.MongoDb\MinimalDomainEvents.Outbox.MongoDb.csproj", "{FCCD24F8-422B-45DA-82E2-4327B8978327}"
EndProject
Project("{9A19103F-16F7-4668-BE54-9A1E7A4F7556}") = "MinimalDomainEvents.Outbox.Abstractions", "src\MinimalDomainEvents.Outbox.Abstractions\MinimalDomainEvents.Outbox.Abstractions.csproj", "{358F8277-48A1-49F5-B4E3-FC3BAE067839}"
EndProject
Project("{9A19103F-16F7-4668-BE54-9A1E7A4F7556}") = "MinimalDomainEvents.Outbox.MongoDb.UnitTests", "test\MinimalDomainEvents.Outbox.MongoDb.UnitTests\MinimalDomainEvents.Outbox.MongoDb.UnitTests.csproj", "{510D97A3-05DB-4C57-BD0B-2E9DF28164B5}"
EndProject
Project("{9A19103F-16F7-4668-BE54-9A1E7A4F7556}") = "MinimalDomainEvents.Dispatcher.AspNetCore", "src\MinimalDomainEvents.Dispatcher.AspNetCore\MinimalDomainEvents.Dispatcher.AspNetCore.csproj", "{5EFC73F8-E339-4381-99B8-09373D3D65A2}"
EndProject
Project("{9A19103F-16F7-4668-BE54-9A1E7A4F7556}") = "MinimalDomainEvents.Outbox", "src\MinimalDomainEvents.Outbox\MinimalDomainEvents.Outbox.csproj", "{46DA61E0-A00F-48E6-9893-F0DD60A3CC84}"
EndProject
Project("{9A19103F-16F7-4668-BE54-9A1E7A4F7556}") = "MinimalDomainEvents.Outbox.MongoDb.NServiceBus", "src\MinimalDomainEvents.Outbox.MongoDb.NServiceBus\MinimalDomainEvents.Outbox.MongoDb.NServiceBus.csproj", "{1494E95E-95E3-44FA-AE99-8DCDAB30091E}"
EndProject
Project("{9A19103F-16F7-4668-BE54-9A1E7A4F7556}") = "MinimalDomainEvents.Outbox.UnitTests", "test\MinimalDomainEvents.Outbox.UnitTests\MinimalDomainEvents.Outbox.UnitTests.csproj", "{8AF26DBB-B17B-45D1-B358-BD13107A3E6E}"
EndProject
Project("{2150E333-8FDC-42A3-9474-1A3956D46DE8}") = "Persistence", "Persistence", "{1BA207C3-AD1D-42BC-80FD-CC2D1458377B}"
EndProject
Project("{2150E333-8FDC-42A3-9474-1A3956D46DE8}") = "Worker", "Worker", "{53424FB6-2FBD-47B9-9B6E-F86D61346C65}"
EndProject
Project("{FAE04EC0-301F-11D3-BF4B-00C04F79EFBC}") = "MinimalDomainEvents.Outbox.Worker", "src\MinimalDomainEvents.Outbox.Worker\MinimalDomainEvents.Outbox.Worker.csproj", "{2DEA751C-8CE8-4452-A365-68F1AAE76551}"
EndProject
Global
	GlobalSection(SolutionConfigurationPlatforms) = preSolution
		Debug|Any CPU = Debug|Any CPU
		Release|Any CPU = Release|Any CPU
	EndGlobalSection
	GlobalSection(ProjectConfigurationPlatforms) = postSolution
		{A34E31FD-0B03-412D-8427-2307D1F1D685}.Debug|Any CPU.ActiveCfg = Debug|Any CPU
		{A34E31FD-0B03-412D-8427-2307D1F1D685}.Debug|Any CPU.Build.0 = Debug|Any CPU
		{A34E31FD-0B03-412D-8427-2307D1F1D685}.Release|Any CPU.ActiveCfg = Release|Any CPU
		{A34E31FD-0B03-412D-8427-2307D1F1D685}.Release|Any CPU.Build.0 = Release|Any CPU
		{DE007C35-3549-4E82-BC5C-5093BE7E208D}.Debug|Any CPU.ActiveCfg = Debug|Any CPU
		{DE007C35-3549-4E82-BC5C-5093BE7E208D}.Debug|Any CPU.Build.0 = Debug|Any CPU
		{DE007C35-3549-4E82-BC5C-5093BE7E208D}.Release|Any CPU.ActiveCfg = Release|Any CPU
		{DE007C35-3549-4E82-BC5C-5093BE7E208D}.Release|Any CPU.Build.0 = Release|Any CPU
		{5C00642B-D38B-473E-9773-17E6650C8215}.Debug|Any CPU.ActiveCfg = Debug|Any CPU
		{5C00642B-D38B-473E-9773-17E6650C8215}.Debug|Any CPU.Build.0 = Debug|Any CPU
		{5C00642B-D38B-473E-9773-17E6650C8215}.Release|Any CPU.ActiveCfg = Release|Any CPU
		{5C00642B-D38B-473E-9773-17E6650C8215}.Release|Any CPU.Build.0 = Release|Any CPU
		{C7FC5A79-7F77-4439-8E8C-F6E6DD89473F}.Debug|Any CPU.ActiveCfg = Debug|Any CPU
		{C7FC5A79-7F77-4439-8E8C-F6E6DD89473F}.Debug|Any CPU.Build.0 = Debug|Any CPU
		{C7FC5A79-7F77-4439-8E8C-F6E6DD89473F}.Release|Any CPU.ActiveCfg = Release|Any CPU
		{C7FC5A79-7F77-4439-8E8C-F6E6DD89473F}.Release|Any CPU.Build.0 = Release|Any CPU
		{59652783-822F-4C8F-8F58-8EFC8BFD6EEF}.Debug|Any CPU.ActiveCfg = Debug|Any CPU
		{59652783-822F-4C8F-8F58-8EFC8BFD6EEF}.Debug|Any CPU.Build.0 = Debug|Any CPU
		{59652783-822F-4C8F-8F58-8EFC8BFD6EEF}.Release|Any CPU.ActiveCfg = Release|Any CPU
		{59652783-822F-4C8F-8F58-8EFC8BFD6EEF}.Release|Any CPU.Build.0 = Release|Any CPU
		{F69F0B96-B7DD-454F-9CAB-D508DFCCE203}.Debug|Any CPU.ActiveCfg = Debug|Any CPU
		{F69F0B96-B7DD-454F-9CAB-D508DFCCE203}.Debug|Any CPU.Build.0 = Debug|Any CPU
		{F69F0B96-B7DD-454F-9CAB-D508DFCCE203}.Release|Any CPU.ActiveCfg = Release|Any CPU
		{F69F0B96-B7DD-454F-9CAB-D508DFCCE203}.Release|Any CPU.Build.0 = Release|Any CPU
		{18996382-7406-4F64-B7A9-B183FE479027}.Debug|Any CPU.ActiveCfg = Debug|Any CPU
		{18996382-7406-4F64-B7A9-B183FE479027}.Debug|Any CPU.Build.0 = Debug|Any CPU
		{18996382-7406-4F64-B7A9-B183FE479027}.Release|Any CPU.ActiveCfg = Release|Any CPU
		{18996382-7406-4F64-B7A9-B183FE479027}.Release|Any CPU.Build.0 = Release|Any CPU
		{FCCD24F8-422B-45DA-82E2-4327B8978327}.Debug|Any CPU.ActiveCfg = Debug|Any CPU
		{FCCD24F8-422B-45DA-82E2-4327B8978327}.Debug|Any CPU.Build.0 = Debug|Any CPU
		{FCCD24F8-422B-45DA-82E2-4327B8978327}.Release|Any CPU.ActiveCfg = Release|Any CPU
		{FCCD24F8-422B-45DA-82E2-4327B8978327}.Release|Any CPU.Build.0 = Release|Any CPU
		{358F8277-48A1-49F5-B4E3-FC3BAE067839}.Debug|Any CPU.ActiveCfg = Debug|Any CPU
		{358F8277-48A1-49F5-B4E3-FC3BAE067839}.Debug|Any CPU.Build.0 = Debug|Any CPU
		{358F8277-48A1-49F5-B4E3-FC3BAE067839}.Release|Any CPU.ActiveCfg = Release|Any CPU
		{358F8277-48A1-49F5-B4E3-FC3BAE067839}.Release|Any CPU.Build.0 = Release|Any CPU
		{510D97A3-05DB-4C57-BD0B-2E9DF28164B5}.Debug|Any CPU.ActiveCfg = Debug|Any CPU
		{510D97A3-05DB-4C57-BD0B-2E9DF28164B5}.Debug|Any CPU.Build.0 = Debug|Any CPU
		{510D97A3-05DB-4C57-BD0B-2E9DF28164B5}.Release|Any CPU.ActiveCfg = Release|Any CPU
		{510D97A3-05DB-4C57-BD0B-2E9DF28164B5}.Release|Any CPU.Build.0 = Release|Any CPU
		{5EFC73F8-E339-4381-99B8-09373D3D65A2}.Debug|Any CPU.ActiveCfg = Debug|Any CPU
		{5EFC73F8-E339-4381-99B8-09373D3D65A2}.Debug|Any CPU.Build.0 = Debug|Any CPU
		{5EFC73F8-E339-4381-99B8-09373D3D65A2}.Release|Any CPU.ActiveCfg = Release|Any CPU
		{5EFC73F8-E339-4381-99B8-09373D3D65A2}.Release|Any CPU.Build.0 = Release|Any CPU
		{46DA61E0-A00F-48E6-9893-F0DD60A3CC84}.Debug|Any CPU.ActiveCfg = Debug|Any CPU
		{46DA61E0-A00F-48E6-9893-F0DD60A3CC84}.Debug|Any CPU.Build.0 = Debug|Any CPU
		{46DA61E0-A00F-48E6-9893-F0DD60A3CC84}.Release|Any CPU.ActiveCfg = Release|Any CPU
		{46DA61E0-A00F-48E6-9893-F0DD60A3CC84}.Release|Any CPU.Build.0 = Release|Any CPU
		{1494E95E-95E3-44FA-AE99-8DCDAB30091E}.Debug|Any CPU.ActiveCfg = Debug|Any CPU
		{1494E95E-95E3-44FA-AE99-8DCDAB30091E}.Debug|Any CPU.Build.0 = Debug|Any CPU
		{1494E95E-95E3-44FA-AE99-8DCDAB30091E}.Release|Any CPU.ActiveCfg = Release|Any CPU
		{1494E95E-95E3-44FA-AE99-8DCDAB30091E}.Release|Any CPU.Build.0 = Release|Any CPU
		{8AF26DBB-B17B-45D1-B358-BD13107A3E6E}.Debug|Any CPU.ActiveCfg = Debug|Any CPU
		{8AF26DBB-B17B-45D1-B358-BD13107A3E6E}.Debug|Any CPU.Build.0 = Debug|Any CPU
		{8AF26DBB-B17B-45D1-B358-BD13107A3E6E}.Release|Any CPU.ActiveCfg = Release|Any CPU
		{8AF26DBB-B17B-45D1-B358-BD13107A3E6E}.Release|Any CPU.Build.0 = Release|Any CPU
		{2DEA751C-8CE8-4452-A365-68F1AAE76551}.Debug|Any CPU.ActiveCfg = Debug|Any CPU
		{2DEA751C-8CE8-4452-A365-68F1AAE76551}.Debug|Any CPU.Build.0 = Debug|Any CPU
		{2DEA751C-8CE8-4452-A365-68F1AAE76551}.Release|Any CPU.ActiveCfg = Release|Any CPU
		{2DEA751C-8CE8-4452-A365-68F1AAE76551}.Release|Any CPU.Build.0 = Release|Any CPU
	EndGlobalSection
	GlobalSection(SolutionProperties) = preSolution
		HideSolutionNode = FALSE
	EndGlobalSection
	GlobalSection(NestedProjects) = preSolution
		{A34E31FD-0B03-412D-8427-2307D1F1D685} = {A3B7B6C3-57FD-4382-8526-9B1C48935A07}
		{DE007C35-3549-4E82-BC5C-5093BE7E208D} = {A3B7B6C3-57FD-4382-8526-9B1C48935A07}
		{5C00642B-D38B-473E-9773-17E6650C8215} = {33E5376B-09DA-4B6A-896E-DE8F5F76F9CD}
		{C7FC5A79-7F77-4439-8E8C-F6E6DD89473F} = {33E5376B-09DA-4B6A-896E-DE8F5F76F9CD}
		{33E5376B-09DA-4B6A-896E-DE8F5F76F9CD} = {A3B7B6C3-57FD-4382-8526-9B1C48935A07}
		{59652783-822F-4C8F-8F58-8EFC8BFD6EEF} = {A37BECD1-4461-4E64-BF71-B48ACEBB8447}
		{F69F0B96-B7DD-454F-9CAB-D508DFCCE203} = {A37BECD1-4461-4E64-BF71-B48ACEBB8447}
		{18996382-7406-4F64-B7A9-B183FE479027} = {33E5376B-09DA-4B6A-896E-DE8F5F76F9CD}
		{AD4CE743-37C6-4CF5-82EF-D88DD7C7BDC7} = {9C4B7B09-AA82-4B59-8C33-77D42C1ADBCC}
		{AB124D7A-09CE-4168-B706-F319426E6383} = {A3B7B6C3-57FD-4382-8526-9B1C48935A07}
		{FCCD24F8-422B-45DA-82E2-4327B8978327} = {1BA207C3-AD1D-42BC-80FD-CC2D1458377B}
		{358F8277-48A1-49F5-B4E3-FC3BAE067839} = {1BA207C3-AD1D-42BC-80FD-CC2D1458377B}
		{510D97A3-05DB-4C57-BD0B-2E9DF28164B5} = {A37BECD1-4461-4E64-BF71-B48ACEBB8447}
		{5EFC73F8-E339-4381-99B8-09373D3D65A2} = {33E5376B-09DA-4B6A-896E-DE8F5F76F9CD}
		{46DA61E0-A00F-48E6-9893-F0DD60A3CC84} = {1BA207C3-AD1D-42BC-80FD-CC2D1458377B}
		{1494E95E-95E3-44FA-AE99-8DCDAB30091E} = {1BA207C3-AD1D-42BC-80FD-CC2D1458377B}
		{8AF26DBB-B17B-45D1-B358-BD13107A3E6E} = {A37BECD1-4461-4E64-BF71-B48ACEBB8447}
		{1BA207C3-AD1D-42BC-80FD-CC2D1458377B} = {AB124D7A-09CE-4168-B706-F319426E6383}
		{53424FB6-2FBD-47B9-9B6E-F86D61346C65} = {AB124D7A-09CE-4168-B706-F319426E6383}
		{2DEA751C-8CE8-4452-A365-68F1AAE76551} = {53424FB6-2FBD-47B9-9B6E-F86D61346C65}
	EndGlobalSection
	GlobalSection(ExtensibilityGlobals) = postSolution
		SolutionGuid = {5C04EBF0-7B5F-4CCE-8D3C-55C5B17C2BEB}
	EndGlobalSection
EndGlobal
